github.com/dever-labs/mockly/clients/go v0.0.0-20260708235236-37d9dfb05906 h1:2QkQJWZb5JHVGKIF5EqFylKDf504WI7OiarcLbblRHY=
github.com/dever-labs/mockly/clients/go v0.0.0-20260708235236-37d9dfb05906/go.mod h1:aSr5XJDSXLQpS88bFw8bqAncz6kuzHtLqpFakQ0heZs=
gopkg.in/check.v1 v0.0.0-20161208181325-20d25e280405/go.mod h1:Co6ibVJAznAaIkqp8huTwlJQCZ016jof/cbN4VW5Yz0=
gopkg.in/yaml.v3 v3.0.1 h1:fxVm/GzAzEWqLHuvctI91KS9hhNmmWOoWu0XTYJS7CA=
gopkg.in/yaml.v3 v3.0.1/go.mod h1:K4uyk7z7BCEPqu6E+C64Yfv1cQ7kz7rIZviUmN+EgEM=
